
Microsoft Visual Studio Solution File, Format Version 12.00
# Visual Studio Version 16
VisualStudioVersion = 16.0.30011.22
MinimumVisualStudioVersion = 10.0.40219.1
Project("{FAE04EC0-301F-11D3-BF4B-00C04F79EFBC}") = "Remarq", "Remarq\Remarq.csproj", "{6A0F79D9-F74D-4718-AFC4-72F5E3699B52}"
EndProject
Project("{FAE04EC0-301F-11D3-BF4B-00C04F79EFBC}") = "Remarq.Tests", "Remarq.Tests\Remarq.Tests.csproj", "{5B5E0BCB-5843-4AF3-B00F-988773C31C0C}"
EndProject
Global
	GlobalSection(SolutionConfigurationPlatforms) = preSolution
		Debug|Any CPU = Debug|Any CPU
		Release|Any CPU = Release|Any CPU
	EndGlobalSection
	GlobalSection(ProjectConfigurationPlatforms) = postSolution
		{6A0F79D9-F74D-4718-AFC4-72F5E3699B52}.Debug|Any CPU.ActiveCfg = Debug|Any CPU
		{6A0F79D9-F74D-4718-AFC4-72F5E3699B52}.Debug|Any CPU.Build.0 = Debug|Any CPU
		{6A0F79D9-F74D-4718-AFC4-72F5E3699B52}.Release|Any CPU.ActiveCfg = Release|Any CPU
		{6A0F79D9-F74D-4718-AFC4-72F5E3699B52}.Release|Any CPU.Build.0 = Release|Any CPU
		{5B5E0BCB-5843-4AF3-B00F-988773C31C0C}.Debug|Any CPU.ActiveCfg = Debug|Any CPU
		{5B5E0BCB-5843-4AF3-B00F-988773C31C0C}.Debug|Any CPU.Build.0 = Debug|Any CPU
		{5B5E0BCB-5843-4AF3-B00F-988773C31C0C}.Release|Any CPU.ActiveCfg = Release|Any CPU
		{5B5E0BCB-5843-4AF3-B00F-988773C31C0C}.Release|Any CPU.Build.0 = Release|Any CPU
	EndGlobalSection
	GlobalSection(SolutionProperties) = preSolution
		HideSolutionNode = FALSE
	EndGlobalSection
	GlobalSection(ExtensibilityGlobals) = postSolution
		SolutionGuid = {B11E9622-C898-4E43-B898-BC855BE71AE7}
	EndGlobalSection
EndGlobal
